// !$*UTF8*$!
{
	archiveVersion = 1;
	classes = {
	};
	objectVersion = 50;
	objects = {

/* Begin PBXBuildFile section */
		0114336526767F3000DE1697 /* ModelErrors.swift in Sources */ = {isa = PBXBuildFile; fileRef = 0114336426767F3000DE1697 /* ModelErrors.swift */; };
		0114336D26767F8200DE1697 /* EntityMappers.swift in Sources */ = {isa = PBXBuildFile; fileRef = 0114336C26767F8200DE1697 /* EntityMappers.swift */; };
		011433762676826900DE1697 /* Holiday.swift in Sources */ = {isa = PBXBuildFile; fileRef = 011433752676826900DE1697 /* Holiday.swift */; };
		0114337B267688CA00DE1697 /* MainPresenter.swift in Sources */ = {isa = PBXBuildFile; fileRef = 0114337A267688CA00DE1697 /* MainPresenter.swift */; };
		0116D0A0267690E500D6EFFE /* HolidaysAPIServiceProtocol.swift in Sources */ = {isa = PBXBuildFile; fileRef = 0116D09F267690E500D6EFFE /* HolidaysAPIServiceProtocol.swift */; };
		0116D0AD2677ECEE00D6EFFE /* Colors.xcassets in Resources */ = {isa = PBXBuildFile; fileRef = 0116D0AC2677ECEE00D6EFFE /* Colors.xcassets */; };
		0116D0C32677FC1200D6EFFE /* MainSectionHeaderView.swift in Sources */ = {isa = PBXBuildFile; fileRef = 0116D0C22677FC1200D6EFFE /* MainSectionHeaderView.swift */; };
		0116D0C82677FC3400D6EFFE /* MainSectionHeaderView.xib in Resources */ = {isa = PBXBuildFile; fileRef = 0116D0C72677FC3400D6EFFE /* MainSectionHeaderView.xib */; };
		0116D0CD2677FCF400D6EFFE /* BaseView.swift in Sources */ = {isa = PBXBuildFile; fileRef = 0116D0CC2677FCF400D6EFFE /* BaseView.swift */; };
		0116D0D62677FDD800D6EFFE /* UIView+Extenstions.swift in Sources */ = {isa = PBXBuildFile; fileRef = 0116D0D52677FDD800D6EFFE /* UIView+Extenstions.swift */; };
		0116D0DE2677FDED00D6EFFE /* UITableViewCell+Dequeue.swift in Sources */ = {isa = PBXBuildFile; fileRef = 0116D0DD2677FDED00D6EFFE /* UITableViewCell+Dequeue.swift */; };
		0116D0E6267800B900D6EFFE /* BaseTableViewCell.swift in Sources */ = {isa = PBXBuildFile; fileRef = 0116D0E5267800B900D6EFFE /* BaseTableViewCell.swift */; };
		0116D0FB26780B9800D6EFFE /* MainDateRangeStateService.swift in Sources */ = {isa = PBXBuildFile; fileRef = 0116D0FA26780B9800D6EFFE /* MainDateRangeStateService.swift */; };
		0116D10026780D2400D6EFFE /* Constants.swift in Sources */ = {isa = PBXBuildFile; fileRef = 0116D0FF26780D2400D6EFFE /* Constants.swift */; };
		0116D10526780D7000D6EFFE /* HolidaysAPIService.swift in Sources */ = {isa = PBXBuildFile; fileRef = 0116D10426780D7000D6EFFE /* HolidaysAPIService.swift */; };
		0116D10A26790B8000D6EFFE /* MainDateRangeState.swift in Sources */ = {isa = PBXBuildFile; fileRef = 0116D10926790B8000D6EFFE /* MainDateRangeState.swift */; };
		0116D10F267910CB00D6EFFE /* Date+Formatter.swift in Sources */ = {isa = PBXBuildFile; fileRef = 0116D10E267910CB00D6EFFE /* Date+Formatter.swift */; };
		0116D1172679136800D6EFFE /* MainDateRangeState+UI.swift in Sources */ = {isa = PBXBuildFile; fileRef = 0116D1162679136800D6EFFE /* MainDateRangeState+UI.swift */; };
		0116D11C2679156A00D6EFFE /* Holiday+UI.swift in Sources */ = {isa = PBXBuildFile; fileRef = 0116D11B2679156A00D6EFFE /* Holiday+UI.swift */; };
		017012BF26765AB800E2C5C4 /* LaunchStyler.swift in Sources */ = {isa = PBXBuildFile; fileRef = 017012BE26765AB800E2C5C4 /* LaunchStyler.swift */; };
		017012C426765B7E00E2C5C4 /* LaunchCoordinator.swift in Sources */ = {isa = PBXBuildFile; fileRef = 017012C326765B7E00E2C5C4 /* LaunchCoordinator.swift */; };
		017012CA26765D1500E2C5C4 /* MainVC.swift in Sources */ = {isa = PBXBuildFile; fileRef = 017012C926765D1500E2C5C4 /* MainVC.swift */; };
		017012CF26765D1A00E2C5C4 /* MainIB.storyboard in Resources */ = {isa = PBXBuildFile; fileRef = 017012CE26765D1A00E2C5C4 /* MainIB.storyboard */; };
		017012D426765DC000E2C5C4 /* MainStyler.swift in Sources */ = {isa = PBXBuildFile; fileRef = 017012D326765DC000E2C5C4 /* MainStyler.swift */; };
		017012D926765DF500E2C5C4 /* MainCoordinator.swift in Sources */ = {isa = PBXBuildFile; fileRef = 017012D826765DF500E2C5C4 /* MainCoordinator.swift */; };
		017012DF26766B6D00E2C5C4 /* NoEventsCell.swift in Sources */ = {isa = PBXBuildFile; fileRef = 017012DD26766B6D00E2C5C4 /* NoEventsCell.swift */; };
		017012E026766B6D00E2C5C4 /* NoEventsCell.xib in Resources */ = {isa = PBXBuildFile; fileRef = 017012DE26766B6D00E2C5C4 /* NoEventsCell.xib */; };
		017012E926766B8D00E2C5C4 /* PublicHoilidayCell.swift in Sources */ = {isa = PBXBuildFile; fileRef = 017012E726766B8D00E2C5C4 /* PublicHoilidayCell.swift */; };
		017012EA26766B8D00E2C5C4 /* PublicHoilidayCell.xib in Resources */ = {isa = PBXBuildFile; fileRef = 017012E826766B8D00E2C5C4 /* PublicHoilidayCell.xib */; };
		017012F026766BAF00E2C5C4 /* FolkHolidayCell.swift in Sources */ = {isa = PBXBuildFile; fileRef = 017012EE26766BAF00E2C5C4 /* FolkHolidayCell.swift */; };
		017012F126766BAF00E2C5C4 /* FolkHolidayCell.xib in Resources */ = {isa = PBXBuildFile; fileRef = 017012EF26766BAF00E2C5C4 /* FolkHolidayCell.xib */; };
		017012FC267671ED00E2C5C4 /* RequestListOfHolidaysUseCase.swift in Sources */ = {isa = PBXBuildFile; fileRef = 017012FB267671ED00E2C5C4 /* RequestListOfHolidaysUseCase.swift */; };
		017013012676723200E2C5C4 /* HolidaysAPIServiceExample.swift in Sources */ = {isa = PBXBuildFile; fileRef = 017013002676723200E2C5C4 /* HolidaysAPIServiceExample.swift */; };
		017CC8062676768B00EB97D7 /* HolidaysResponseModel.swift in Sources */ = {isa = PBXBuildFile; fileRef = 017CC8052676768B00EB97D7 /* HolidaysResponseModel.swift */; };
		017CC80B267676CB00EB97D7 /* ServicesTests.swift in Sources */ = {isa = PBXBuildFile; fileRef = 017CC80A267676CB00EB97D7 /* ServicesTests.swift */; };
		01B0456B26762C6700959FF0 /* AppDelegate.swift in Sources */ = {isa = PBXBuildFile; fileRef = 01B0456A26762C6700959FF0 /* AppDelegate.swift */; };
		01B0456D26762C6700959FF0 /* SceneDelegate.swift in Sources */ = {isa = PBXBuildFile; fileRef = 01B0456C26762C6700959FF0 /* SceneDelegate.swift */; };
		01B0456F26762C6700959FF0 /* LaunchVC.swift in Sources */ = {isa = PBXBuildFile; fileRef = 01B0456E26762C6700959FF0 /* LaunchVC.swift */; };
		01B0457226762C6700959FF0 /* LaunchIB.storyboard in Resources */ = {isa = PBXBuildFile; fileRef = 01B0457026762C6700959FF0 /* LaunchIB.storyboard */; };
		01B0457426762C6700959FF0 /* Assets.xcassets in Resources */ = {isa = PBXBuildFile; fileRef = 01B0457326762C6700959FF0 /* Assets.xcassets */; };
		01B0457726762C6700959FF0 /* LaunchScreen.storyboard in Resources */ = {isa = PBXBuildFile; fileRef = 01B0457526762C6700959FF0 /* LaunchScreen.storyboard */; };
		01B0458D26762C6700959FF0 /* TestntryUITests.swift in Sources */ = {isa = PBXBuildFile; fileRef = 01B0458C26762C6700959FF0 /* TestntryUITests.swift */; };
		01C707E826762E820090542F /* README.md in Resources */ = {isa = PBXBuildFile; fileRef = 01C707E726762E820090542F /* README.md */; };
		01C707F7267646EA0090542F /* Localizable.strings in Resources */ = {isa = PBXBuildFile; fileRef = 01C707F6267646EA0090542F /* Localizable.strings */; };
		01C7081E26764B820090542F /* Strings.swift in Sources */ = {isa = PBXBuildFile; fileRef = 01C7081B26764B820090542F /* Strings.swift */; };
		01C7081F26764B820090542F /* Assets.swift in Sources */ = {isa = PBXBuildFile; fileRef = 01C7081C26764B820090542F /* Assets.swift */; };
		01C7082026764B820090542F /* Storyboards.swift in Sources */ = {isa = PBXBuildFile; fileRef = 01C7081D26764B820090542F /* Storyboards.swift */; };
		01C7083F26764F3B0090542F /* BaseVC.swift in Sources */ = {isa = PBXBuildFile; fileRef = 01C7083E26764F3B0090542F /* BaseVC.swift */; };
		01C70845267652D00090542F /* Coordinating.swift in Sources */ = {isa = PBXBuildFile; fileRef = 01C70844267652D00090542F /* Coordinating.swift */; };
		01C7084D267655B00090542F /* BaseNVC.swift in Sources */ = {isa = PBXBuildFile; fileRef = 01C7084C267655B00090542F /* BaseNVC.swift */; };
		01C70854267656130090542F /* Assembly.swift in Sources */ = {isa = PBXBuildFile; fileRef = 01C70853267656130090542F /* Assembly.swift */; };
		01C7085D267657200090542F /* Styling.swift in Sources */ = {isa = PBXBuildFile; fileRef = 01C7085C267657200090542F /* Styling.swift */; };
		01FFF1D326792443002EBEF9 /* ChangeDateWeakToPrevUseCase.swift in Sources */ = {isa = PBXBuildFile; fileRef = 01FFF1D226792443002EBEF9 /* ChangeDateWeakToPrevUseCase.swift */; };
		01FFF1D826792453002EBEF9 /* ChangeDateWeakToNextUseCase.swift in Sources */ = {isa = PBXBuildFile; fileRef = 01FFF1D726792453002EBEF9 /* ChangeDateWeakToNextUseCase.swift */; };
/* End PBXBuildFile section */

/* Begin PBXContainerItemProxy section */
		01B0457E26762C6700959FF0 /* PBXContainerItemProxy */ = {
			isa = PBXContainerItemProxy;
			containerPortal = 01B0455F26762C6600959FF0 /* Project object */;
			proxyType = 1;
			remoteGlobalIDString = 01B0456626762C6600959FF0;
			remoteInfo = Testntry;
		};
		01B0458926762C6700959FF0 /* PBXContainerItemProxy */ = {
			isa = PBXContainerItemProxy;
			containerPortal = 01B0455F26762C6600959FF0 /* Project object */;
			proxyType = 1;
			remoteGlobalIDString = 01B0456626762C6600959FF0;
			remoteInfo = Testntry;
		};
/* End PBXContainerItemProxy section */

/* Begin PBXFileReference section */
		0114336426767F3000DE1697 /* ModelErrors.swift */ = {isa = PBXFileReference; lastKnownFileType = sourcecode.swift; path = ModelErrors.swift; sourceTree = "<group>"; };
		0114336C26767F8200DE1697 /* EntityMappers.swift */ = {isa = PBXFileReference; lastKnownFileType = sourcecode.swift; path = EntityMappers.swift; sourceTree = "<group>"; };
		011433752676826900DE1697 /* Holiday.swift */ = {isa = PBXFileReference; lastKnownFileType = sourcecode.swift; path = Holiday.swift; sourceTree = "<group>"; };
		0114337A267688CA00DE1697 /* MainPresenter.swift */ = {isa = PBXFileReference; lastKnownFileType = sourcecode.swift; path = MainPresenter.swift; sourceTree = "<group>"; };
		0116D09F267690E500D6EFFE /* HolidaysAPIServiceProtocol.swift */ = {isa = PBXFileReference; lastKnownFileType = sourcecode.swift; path = HolidaysAPIServiceProtocol.swift; sourceTree = "<group>"; };
		0116D0AC2677ECEE00D6EFFE /* Colors.xcassets */ = {isa = PBXFileReference; lastKnownFileType = folder.assetcatalog; path = Colors.xcassets; sourceTree = "<group>"; };
		0116D0C22677FC1200D6EFFE /* MainSectionHeaderView.swift */ = {isa = PBXFileReference; lastKnownFileType = sourcecode.swift; path = MainSectionHeaderView.swift; sourceTree = "<group>"; };
		0116D0C72677FC3400D6EFFE /* MainSectionHeaderView.xib */ = {isa = PBXFileReference; lastKnownFileType = file.xib; path = MainSectionHeaderView.xib; sourceTree = "<group>"; };
		0116D0CC2677FCF400D6EFFE /* BaseView.swift */ = {isa = PBXFileReference; lastKnownFileType = sourcecode.swift; path = BaseView.swift; sourceTree = "<group>"; };
		0116D0D52677FDD800D6EFFE /* UIView+Extenstions.swift */ = {isa = PBXFileReference; lastKnownFileType = sourcecode.swift; path = "UIView+Extenstions.swift"; sourceTree = "<group>"; };
		0116D0DD2677FDED00D6EFFE /* UITableViewCell+Dequeue.swift */ = {isa = PBXFileReference; lastKnownFileType = sourcecode.swift; path = "UITableViewCell+Dequeue.swift"; sourceTree = "<group>"; };
		0116D0E5267800B900D6EFFE /* BaseTableViewCell.swift */ = {isa = PBXFileReference; lastKnownFileType = sourcecode.swift; path = BaseTableViewCell.swift; sourceTree = "<group>"; };
		0116D0FA26780B9800D6EFFE /* MainDateRangeStateService.swift */ = {isa = PBXFileReference; lastKnownFileType = sourcecode.swift; path = MainDateRangeStateService.swift; sourceTree = "<group>"; };
		0116D0FF26780D2400D6EFFE /* Constants.swift */ = {isa = PBXFileReference; lastKnownFileType = sourcecode.swift; path = Constants.swift; sourceTree = "<group>"; };
		0116D10426780D7000D6EFFE /* HolidaysAPIService.swift */ = {isa = PBXFileReference; lastKnownFileType = sourcecode.swift; path = HolidaysAPIService.swift; sourceTree = "<group>"; };
		0116D10926790B8000D6EFFE /* MainDateRangeState.swift */ = {isa = PBXFileReference; lastKnownFileType = sourcecode.swift; path = MainDateRangeState.swift; sourceTree = "<group>"; };
		0116D10E267910CB00D6EFFE /* Date+Formatter.swift */ = {isa = PBXFileReference; lastKnownFileType = sourcecode.swift; path = "Date+Formatter.swift"; sourceTree = "<group>"; };
		0116D1162679136800D6EFFE /* MainDateRangeState+UI.swift */ = {isa = PBXFileReference; lastKnownFileType = sourcecode.swift; path = "MainDateRangeState+UI.swift"; sourceTree = "<group>"; };
		0116D11B2679156A00D6EFFE /* Holiday+UI.swift */ = {isa = PBXFileReference; lastKnownFileType = sourcecode.swift; path = "Holiday+UI.swift"; sourceTree = "<group>"; };
		017012BE26765AB800E2C5C4 /* LaunchStyler.swift */ = {isa = PBXFileReference; lastKnownFileType = sourcecode.swift; path = LaunchStyler.swift; sourceTree = "<group>"; };
		017012C326765B7E00E2C5C4 /* LaunchCoordinator.swift */ = {isa = PBXFileReference; lastKnownFileType = sourcecode.swift; path = LaunchCoordinator.swift; sourceTree = "<group>"; };
		017012C926765D1500E2C5C4 /* MainVC.swift */ = {isa = PBXFileReference; lastKnownFileType = sourcecode.swift; path = MainVC.swift; sourceTree = "<group>"; };
		017012CE26765D1A00E2C5C4 /* MainIB.storyboard */ = {isa = PBXFileReference; lastKnownFileType = file.storyboard; path = MainIB.storyboard; sourceTree = "<group>"; };
		017012D326765DC000E2C5C4 /* MainStyler.swift */ = {isa = PBXFileReference; lastKnownFileType = sourcecode.swift; path = MainStyler.swift; sourceTree = "<group>"; };
		017012D826765DF500E2C5C4 /* MainCoordinator.swift */ = {isa = PBXFileReference; lastKnownFileType = sourcecode.swift; path = MainCoordinator.swift; sourceTree = "<group>"; };
		017012DD26766B6D00E2C5C4 /* NoEventsCell.swift */ = {isa = PBXFileReference; lastKnownFileType = sourcecode.swift; path = NoEventsCell.swift; sourceTree = "<group>"; };
		017012DE26766B6D00E2C5C4 /* NoEventsCell.xib */ = {isa = PBXFileReference; lastKnownFileType = file.xib; path = NoEventsCell.xib; sourceTree = "<group>"; };
		017012E726766B8D00E2C5C4 /* PublicHoilidayCell.swift */ = {isa = PBXFileReference; lastKnownFileType = sourcecode.swift; path = PublicHoilidayCell.swift; sourceTree = "<group>"; };
		017012E826766B8D00E2C5C4 /* PublicHoilidayCell.xib */ = {isa = PBXFileReference; lastKnownFileType = file.xib; path = PublicHoilidayCell.xib; sourceTree = "<group>"; };
		017012EE26766BAF00E2C5C4 /* FolkHolidayCell.swift */ = {isa = PBXFileReference; lastKnownFileType = sourcecode.swift; path = FolkHolidayCell.swift; sourceTree = "<group>"; };
		017012EF26766BAF00E2C5C4 /* FolkHolidayCell.xib */ = {isa = PBXFileReference; lastKnownFileType = file.xib; path = FolkHolidayCell.xib; sourceTree = "<group>"; };
		017012FB267671ED00E2C5C4 /* RequestListOfHolidaysUseCase.swift */ = {isa = PBXFileReference; lastKnownFileType = sourcecode.swift; path = RequestListOfHolidaysUseCase.swift; sourceTree = "<group>"; };
		017013002676723200E2C5C4 /* HolidaysAPIServiceExample.swift */ = {isa = PBXFileReference; lastKnownFileType = sourcecode.swift; path = HolidaysAPIServiceExample.swift; sourceTree = "<group>"; };
		017CC8052676768B00EB97D7 /* HolidaysResponseModel.swift */ = {isa = PBXFileReference; lastKnownFileType = sourcecode.swift; path = HolidaysResponseModel.swift; sourceTree = "<group>"; };
		017CC80A267676CB00EB97D7 /* ServicesTests.swift */ = {isa = PBXFileReference; lastKnownFileType = sourcecode.swift; path = ServicesTests.swift; sourceTree = "<group>"; };
		01B0456726762C6700959FF0 /* Testntry.app */ = {isa = PBXFileReference; explicitFileType = wrapper.application; includeInIndex = 0; path = Testntry.app; sourceTree = BUILT_PRODUCTS_DIR; };
		01B0456A26762C6700959FF0 /* AppDelegate.swift */ = {isa = PBXFileReference; lastKnownFileType = sourcecode.swift; path = AppDelegate.swift; sourceTree = "<group>"; };
		01B0456C26762C6700959FF0 /* SceneDelegate.swift */ = {isa = PBXFileReference; lastKnownFileType = sourcecode.swift; path = SceneDelegate.swift; sourceTree = "<group>"; };
		01B0456E26762C6700959FF0 /* LaunchVC.swift */ = {isa = PBXFileReference; lastKnownFileType = sourcecode.swift; path = LaunchVC.swift; sourceTree = "<group>"; };
		01B0457126762C6700959FF0 /* Base */ = {isa = PBXFileReference; lastKnownFileType = file.storyboard; name = Base; path = Base.lproj/LaunchIB.storyboard; sourceTree = "<group>"; };
		01B0457326762C6700959FF0 /* Assets.xcassets */ = {isa = PBXFileReference; lastKnownFileType = folder.assetcatalog; path = Assets.xcassets; sourceTree = "<group>"; };
		01B0457626762C6700959FF0 /* Base */ = {isa = PBXFileReference; lastKnownFileType = file.storyboard; name = Base; path = Base.lproj/LaunchScreen.storyboard; sourceTree = "<group>"; };
		01B0457826762C6700959FF0 /* Info.plist */ = {isa = PBXFileReference; lastKnownFileType = text.plist.xml; path = Info.plist; sourceTree = "<group>"; };
		01B0457D26762C6700959FF0 /* TestntryTests.xctest */ = {isa = PBXFileReference; explicitFileType = wrapper.cfbundle; includeInIndex = 0; path = TestntryTests.xctest; sourceTree = BUILT_PRODUCTS_DIR; };
		01B0458326762C6700959FF0 /* Info.plist */ = {isa = PBXFileReference; lastKnownFileType = text.plist.xml; path = Info.plist; sourceTree = "<group>"; };
		01B0458826762C6700959FF0 /* TestntryUITests.xctest */ = {isa = PBXFileReference; explicitFileType = wrapper.cfbundle; includeInIndex = 0; path = TestntryUITests.xctest; sourceTree = BUILT_PRODUCTS_DIR; };
		01B0458C26762C6700959FF0 /* TestntryUITests.swift */ = {isa = PBXFileReference; lastKnownFileType = sourcecode.swift; path = TestntryUITests.swift; sourceTree = "<group>"; };
		01B0458E26762C6700959FF0 /* Info.plist */ = {isa = PBXFileReference; lastKnownFileType = text.plist.xml; path = Info.plist; sourceTree = "<group>"; };
		01C707E726762E820090542F /* README.md */ = {isa = PBXFileReference; fileEncoding = 4; lastKnownFileType = net.daringfireball.markdown; path = README.md; sourceTree = "<group>"; };
		01C707F6267646EA0090542F /* Localizable.strings */ = {isa = PBXFileReference; lastKnownFileType = text.plist.strings; path = Localizable.strings; sourceTree = "<group>"; };
		01C707FC267647C90090542F /* swiftgen.yml */ = {isa = PBXFileReference; lastKnownFileType = text.yaml; path = swiftgen.yml; sourceTree = SOURCE_ROOT; };
		01C7081B26764B820090542F /* Strings.swift */ = {isa = PBXFileReference; fileEncoding = 4; lastKnownFileType = sourcecode.swift; path = Strings.swift; sourceTree = "<group>"; };
		01C7081C26764B820090542F /* Assets.swift */ = {isa = PBXFileReference; fileEncoding = 4; lastKnownFileType = sourcecode.swift; path = Assets.swift; sourceTree = "<group>"; };
		01C7081D26764B820090542F /* Storyboards.swift */ = {isa = PBXFileReference; fileEncoding = 4; lastKnownFileType = sourcecode.swift; path = Storyboards.swift; sourceTree = "<group>"; };
		01C7083E26764F3B0090542F /* BaseVC.swift */ = {isa = PBXFileReference; lastKnownFileType = sourcecode.swift; path = BaseVC.swift; sourceTree = "<group>"; };
		01C70844267652D00090542F /* Coordinating.swift */ = {isa = PBXFileReference; lastKnownFileType = sourcecode.swift; path = Coordinating.swift; sourceTree = "<group>"; };
		01C7084C267655B00090542F /* BaseNVC.swift */ = {isa = PBXFileReference; lastKnownFileType = sourcecode.swift; path = BaseNVC.swift; sourceTree = "<group>"; };
		01C70853267656130090542F /* Assembly.swift */ = {isa = PBXFileReference; lastKnownFileType = sourcecode.swift; path = Assembly.swift; sourceTree = "<group>"; };
		01C7085C267657200090542F /* Styling.swift */ = {isa = PBXFileReference; lastKnownFileType = sourcecode.swift; path = Styling.swift; sourceTree = "<group>"; };
		01FFF1D226792443002EBEF9 /* ChangeDateWeakToPrevUseCase.swift */ = {isa = PBXFileReference; lastKnownFileType = sourcecode.swift; path = ChangeDateWeakToPrevUseCase.swift; sourceTree = "<group>"; };
		01FFF1D726792453002EBEF9 /* ChangeDateWeakToNextUseCase.swift */ = {isa = PBXFileReference; lastKnownFileType = sourcecode.swift; path = ChangeDateWeakToNextUseCase.swift; sourceTree = "<group>"; };
/* End PBXFileReference section */

/* Begin PBXFrameworksBuildPhase section */
		01B0456426762C6600959FF0 /* Frameworks */ = {
			isa = PBXFrameworksBuildPhase;
			buildActionMask = 2147483647;
			files = (
			);
			runOnlyForDeploymentPostprocessing = 0;
		};
		01B0457A26762C6700959FF0 /* Frameworks */ = {
			isa = PBXFrameworksBuildPhase;
			buildActionMask = 2147483647;
			files = (
			);
			runOnlyForDeploymentPostprocessing = 0;
		};
		01B0458526762C6700959FF0 /* Frameworks */ = {
			isa = PBXFrameworksBuildPhase;
			buildActionMask = 2147483647;
			files = (
			);
			runOnlyForDeploymentPostprocessing = 0;
		};
/* End PBXFrameworksBuildPhase section */

/* Begin PBXGroup section */
		0114336326767F2800DE1697 /* Base */ = {
			isa = PBXGroup;
			children = (
				0114336426767F3000DE1697 /* ModelErrors.swift */,
				0114336C26767F8200DE1697 /* EntityMappers.swift */,
			);
			path = Base;
			sourceTree = "<group>";
		};
		01143371267681FC00DE1697 /* Entities */ = {
			isa = PBXGroup;
			children = (
				011433752676826900DE1697 /* Holiday.swift */,
				0116D11B2679156A00D6EFFE /* Holiday+UI.swift */,
				0116D10926790B8000D6EFFE /* MainDateRangeState.swift */,
				0116D1162679136800D6EFFE /* MainDateRangeState+UI.swift */,
			);
			path = Entities;
			sourceTree = "<group>";
		};
		0116D0A4267690EA00D6EFFE /* Entities */ = {
			isa = PBXGroup;
			children = (
				017CC8052676768B00EB97D7 /* HolidaysResponseModel.swift */,
			);
			path = Entities;
			sourceTree = "<group>";
		};
		0116D0A5267690F800D6EFFE /* HolidaysAPI */ = {
			isa = PBXGroup;
			children = (
				0116D09F267690E500D6EFFE /* HolidaysAPIServiceProtocol.swift */,
				017013002676723200E2C5C4 /* HolidaysAPIServiceExample.swift */,
				0116D10426780D7000D6EFFE /* HolidaysAPIService.swift */,
			);
			path = HolidaysAPI;
			sourceTree = "<group>";
		};
		0116D0D42677FDC900D6EFFE /* Helpers */ = {
			isa = PBXGroup;
			children = (
				0116D0D52677FDD800D6EFFE /* UIView+Extenstions.swift */,
				0116D0DD2677FDED00D6EFFE /* UITableViewCell+Dequeue.swift */,
				0116D10E267910CB00D6EFFE /* Date+Formatter.swift */,
			);
			path = Helpers;
			sourceTree = "<group>";
		};
		017012C826765D0A00E2C5C4 /* Main */ = {
			isa = PBXGroup;
			children = (
				0116D0C22677FC1200D6EFFE /* MainSectionHeaderView.swift */,
				0116D0C72677FC3400D6EFFE /* MainSectionHeaderView.xib */,
				017012EE26766BAF00E2C5C4 /* FolkHolidayCell.swift */,
				017012EF26766BAF00E2C5C4 /* FolkHolidayCell.xib */,
				017012E726766B8D00E2C5C4 /* PublicHoilidayCell.swift */,
				017012E826766B8D00E2C5C4 /* PublicHoilidayCell.xib */,
				017012DD26766B6D00E2C5C4 /* NoEventsCell.swift */,
				017012DE26766B6D00E2C5C4 /* NoEventsCell.xib */,
				017012C926765D1500E2C5C4 /* MainVC.swift */,
				017012CE26765D1A00E2C5C4 /* MainIB.storyboard */,
			);
			path = Main;
			sourceTree = "<group>";
		};
		01B0455E26762C6600959FF0 = {
			isa = PBXGroup;
			children = (
				01C707E726762E820090542F /* README.md */,
				01B0456926762C6700959FF0 /* Testntry */,
				01B0458026762C6700959FF0 /* TestntryTests */,
				01B0458B26762C6700959FF0 /* TestntryUITests */,
				01B0456826762C6700959FF0 /* Products */,
			);
			sourceTree = "<group>";
		};
		01B0456826762C6700959FF0 /* Products */ = {
			isa = PBXGroup;
			children = (
				01B0456726762C6700959FF0 /* Testntry.app */,
				01B0457D26762C6700959FF0 /* TestntryTests.xctest */,
				01B0458826762C6700959FF0 /* TestntryUITests.xctest */,
			);
			name = Products;
			sourceTree = "<group>";
		};
		01B0456926762C6700959FF0 /* Testntry */ = {
			isa = PBXGroup;
			children = (
				01C7082E26764E020090542F /* Global */,
				01C707FB267647BB0090542F /* Configurations */,
				01C707F2267646D50090542F /* Resources */,
				01C7082A26764DD10090542F /* Application */,
			);
			path = Testntry;
			sourceTree = "<group>";
		};
		01B0458026762C6700959FF0 /* TestntryTests */ = {
			isa = PBXGroup;
			children = (
				01B0458326762C6700959FF0 /* Info.plist */,
				017CC80A267676CB00EB97D7 /* ServicesTests.swift */,
			);
			path = TestntryTests;
			sourceTree = "<group>";
		};
		01B0458B26762C6700959FF0 /* TestntryUITests */ = {
			isa = PBXGroup;
			children = (
				01B0458C26762C6700959FF0 /* TestntryUITests.swift */,
				01B0458E26762C6700959FF0 /* Info.plist */,
			);
			path = TestntryUITests;
			sourceTree = "<group>";
		};
		01C707F2267646D50090542F /* Resources */ = {
			isa = PBXGroup;
			children = (
				01C7081A26764B500090542F /* Generated */,
				01B0457326762C6700959FF0 /* Assets.xcassets */,
				0116D0AC2677ECEE00D6EFFE /* Colors.xcassets */,
				01B0457526762C6700959FF0 /* LaunchScreen.storyboard */,
				01C707F6267646EA0090542F /* Localizable.strings */,
			);
			path = Resources;
			sourceTree = "<group>";
		};
		01C707FB267647BB0090542F /* Configurations */ = {
			isa = PBXGroup;
			children = (
				01B0457826762C6700959FF0 /* Info.plist */,
				01C707FC267647C90090542F /* swiftgen.yml */,
			);
			path = Configurations;
			sourceTree = "<group>";
		};
		01C7081A26764B500090542F /* Generated */ = {
			isa = PBXGroup;
			children = (
				01C7081C26764B820090542F /* Assets.swift */,
				01C7081D26764B820090542F /* Storyboards.swift */,
				01C7081B26764B820090542F /* Strings.swift */,
			);
			path = Generated;
			sourceTree = "<group>";
		};
		01C7082A26764DD10090542F /* Application */ = {
			isa = PBXGroup;
			children = (
				0116D0D42677FDC900D6EFFE /* Helpers */,
				01143371267681FC00DE1697 /* Entities */,
				01C7083726764F040090542F /* Model */,
				01C7083626764EFD0090542F /* UI */,
			);
			path = Application;
			sourceTree = "<group>";
		};
		01C7082E26764E020090542F /* Global */ = {
			isa = PBXGroup;
			children = (
				01C70853267656130090542F /* Assembly.swift */,
				01B0456A26762C6700959FF0 /* AppDelegate.swift */,
				01B0456C26762C6700959FF0 /* SceneDelegate.swift */,
				0116D0FF26780D2400D6EFFE /* Constants.swift */,
			);
			path = Global;
			sourceTree = "<group>";
		};
		01C7083226764E2A0090542F /* Launch */ = {
			isa = PBXGroup;
			children = (
				01B0456E26762C6700959FF0 /* LaunchVC.swift */,
				01B0457026762C6700959FF0 /* LaunchIB.storyboard */,
			);
			path = Launch;
			sourceTree = "<group>";
		};
		01C7083626764EFD0090542F /* UI */ = {
			isa = PBXGroup;
			children = (
				01C7083D26764F320090542F /* Base */,
				01C7085B267656EA0090542F /* Styles */,
				01C7084326764F5B0090542F /* Coordinating */,
				01C7083826764F090090542F /* Presentation */,
				01C7083C26764F210090542F /* View */,
			);
			path = UI;
			sourceTree = "<group>";
		};
		01C7083726764F040090542F /* Model */ = {
			isa = PBXGroup;
			children = (
				0114336326767F2800DE1697 /* Base */,
				01C70851267655D10090542F /* Services */,
				01C70852267655DA0090542F /* UseCases */,
			);
			path = Model;
			sourceTree = "<group>";
		};
		01C7083826764F090090542F /* Presentation */ = {
			isa = PBXGroup;
			children = (
				0114337A267688CA00DE1697 /* MainPresenter.swift */,
			);
			path = Presentation;
			sourceTree = "<group>";
		};
		01C7083C26764F210090542F /* View */ = {
			isa = PBXGroup;
			children = (
				01C7083226764E2A0090542F /* Launch */,
				017012C826765D0A00E2C5C4 /* Main */,
			);
			path = View;
			sourceTree = "<group>";
		};
		01C7083D26764F320090542F /* Base */ = {
			isa = PBXGroup;
			children = (
				0116D0CC2677FCF400D6EFFE /* BaseView.swift */,
				01C7083E26764F3B0090542F /* BaseVC.swift */,
				01C7084C267655B00090542F /* BaseNVC.swift */,
				0116D0E5267800B900D6EFFE /* BaseTableViewCell.swift */,
			);
			path = Base;
			sourceTree = "<group>";
		};
		01C7084326764F5B0090542F /* Coordinating */ = {
			isa = PBXGroup;
			children = (
				01C70844267652D00090542F /* Coordinating.swift */,
				017012C326765B7E00E2C5C4 /* LaunchCoordinator.swift */,
				017012D826765DF500E2C5C4 /* MainCoordinator.swift */,
			);
			path = Coordinating;
			sourceTree = "<group>";
		};
		01C70851267655D10090542F /* Services */ = {
			isa = PBXGroup;
			children = (
				0116D0A4267690EA00D6EFFE /* Entities */,
				01FFF1DC26792954002EBEF9 /* AppStates */,
				0116D0A5267690F800D6EFFE /* HolidaysAPI */,
			);
			path = Services;
			sourceTree = "<group>";
		};
		01C70852267655DA0090542F /* UseCases */ = {
			isa = PBXGroup;
			children = (
				017012FB267671ED00E2C5C4 /* RequestListOfHolidaysUseCase.swift */,
				01FFF1D226792443002EBEF9 /* ChangeDateWeakToPrevUseCase.swift */,
				01FFF1D726792453002EBEF9 /* ChangeDateWeakToNextUseCase.swift */,
			);
			path = UseCases;
			sourceTree = "<group>";
		};
		01C7085B267656EA0090542F /* Styles */ = {
			isa = PBXGroup;
			children = (
				01C7085C267657200090542F /* Styling.swift */,
				017012BE26765AB800E2C5C4 /* LaunchStyler.swift */,
				017012D326765DC000E2C5C4 /* MainStyler.swift */,
			);
			path = Styles;
			sourceTree = "<group>";
		};
		01FFF1DC26792954002EBEF9 /* AppStates */ = {
			isa = PBXGroup;
			children = (
				0116D0FA26780B9800D6EFFE /* MainDateRangeStateService.swift */,
			);
			path = AppStates;
			sourceTree = "<group>";
		};
/* End PBXGroup section */

/* Begin PBXNativeTarget section */
		01B0456626762C6600959FF0 /* Testntry */ = {
			isa = PBXNativeTarget;
			buildConfigurationList = 01B0459126762C6700959FF0 /* Build configuration list for PBXNativeTarget "Testntry" */;
			buildPhases = (
				01B0456326762C6600959FF0 /* Sources */,
				01B0456426762C6600959FF0 /* Frameworks */,
				01B0456526762C6600959FF0 /* Resources */,
			);
			buildRules = (
			);
			dependencies = (
			);
			name = Testntry;
			productName = Testntry;
			productReference = 01B0456726762C6700959FF0 /* Testntry.app */;
			productType = "com.apple.product-type.application";
		};
		01B0457C26762C6700959FF0 /* TestntryTests */ = {
			isa = PBXNativeTarget;
			buildConfigurationList = 01B0459426762C6700959FF0 /* Build configuration list for PBXNativeTarget "TestntryTests" */;
			buildPhases = (
				01B0457926762C6700959FF0 /* Sources */,
				01B0457A26762C6700959FF0 /* Frameworks */,
				01B0457B26762C6700959FF0 /* Resources */,
			);
			buildRules = (
			);
			dependencies = (
				01B0457F26762C6700959FF0 /* PBXTargetDependency */,
			);
			name = TestntryTests;
			productName = TestntryTests;
			productReference = 01B0457D26762C6700959FF0 /* TestntryTests.xctest */;
			productType = "com.apple.product-type.bundle.unit-test";
		};
		01B0458726762C6700959FF0 /* TestntryUITests */ = {
			isa = PBXNativeTarget;
			buildConfigurationList = 01B0459726762C6700959FF0 /* Build configuration list for PBXNativeTarget "TestntryUITests" */;
			buildPhases = (
				01B0458426762C6700959FF0 /* Sources */,
				01B0458526762C6700959FF0 /* Frameworks */,
				01B0458626762C6700959FF0 /* Resources */,
			);
			buildRules = (
			);
			dependencies = (
				01B0458A26762C6700959FF0 /* PBXTargetDependency */,
			);
			name = TestntryUITests;
			productName = TestntryUITests;
			productReference = 01B0458826762C6700959FF0 /* TestntryUITests.xctest */;
			productType = "com.apple.product-type.bundle.ui-testing";
		};
/* End PBXNativeTarget section */

/* Begin PBXProject section */
		01B0455F26762C6600959FF0 /* Project object */ = {
			isa = PBXProject;
			attributes = {
				LastSwiftUpdateCheck = 1240;
				LastUpgradeCheck = 1240;
				TargetAttributes = {
					01B0456626762C6600959FF0 = {
						CreatedOnToolsVersion = 12.4;
					};
					01B0457C26762C6700959FF0 = {
						CreatedOnToolsVersion = 12.4;
						TestTargetID = 01B0456626762C6600959FF0;
					};
					01B0458726762C6700959FF0 = {
						CreatedOnToolsVersion = 12.4;
						TestTargetID = 01B0456626762C6600959FF0;
					};
				};
			};
			buildConfigurationList = 01B0456226762C6600959FF0 /* Build configuration list for PBXProject "Testntry" */;
			compatibilityVersion = "Xcode 9.3";
			developmentRegion = en;
			hasScannedForEncodings = 0;
			knownRegions = (
				en,
				Base,
			);
			mainGroup = 01B0455E26762C6600959FF0;
			productRefGroup = 01B0456826762C6700959FF0 /* Products */;
			projectDirPath = "";
			projectRoot = "";
			targets = (
				01B0456626762C6600959FF0 /* Testntry */,
				01B0457C26762C6700959FF0 /* TestntryTests */,
				01B0458726762C6700959FF0 /* TestntryUITests */,
			);
		};
/* End PBXProject section */

/* Begin PBXResourcesBuildPhase section */
		01B0456526762C6600959FF0 /* Resources */ = {
			isa = PBXResourcesBuildPhase;
			buildActionMask = 2147483647;
			files = (
				017012CF26765D1A00E2C5C4 /* MainIB.storyboard in Resources */,
				017012EA26766B8D00E2C5C4 /* PublicHoilidayCell.xib in Resources */,
				017012E026766B6D00E2C5C4 /* NoEventsCell.xib in Resources */,
				01C707F7267646EA0090542F /* Localizable.strings in Resources */,
				01B0457726762C6700959FF0 /* LaunchScreen.storyboard in Resources */,
				0116D0AD2677ECEE00D6EFFE /* Colors.xcassets in Resources */,
				01B0457426762C6700959FF0 /* Assets.xcassets in Resources */,
				017012F126766BAF00E2C5C4 /* FolkHolidayCell.xib in Resources */,
				01C707E826762E820090542F /* README.md in Resources */,
				01B0457226762C6700959FF0 /* LaunchIB.storyboard in Resources */,
				0116D0C82677FC3400D6EFFE /* MainSectionHeaderView.xib in Resources */,
			);
			runOnlyForDeploymentPostprocessing = 0;
		};
		01B0457B26762C6700959FF0 /* Resources */ = {
			isa = PBXResourcesBuildPhase;
			buildActionMask = 2147483647;
			files = (
			);
			runOnlyForDeploymentPostprocessing = 0;
		};
		01B0458626762C6700959FF0 /* Resources */ = {
			isa = PBXResourcesBuildPhase;
			buildActionMask = 2147483647;
			files = (
			);
			runOnlyForDeploymentPostprocessing = 0;
		};
/* End PBXResourcesBuildPhase section */

/* Begin PBXSourcesBuildPhase section */
		01B0456326762C6600959FF0 /* Sources */ = {
			isa = PBXSourcesBuildPhase;
			buildActionMask = 2147483647;
			files = (
				0116D0CD2677FCF400D6EFFE /* BaseView.swift in Sources */,
				0116D10026780D2400D6EFFE /* Constants.swift in Sources */,
				0116D0C32677FC1200D6EFFE /* MainSectionHeaderView.swift in Sources */,
				017012C426765B7E00E2C5C4 /* LaunchCoordinator.swift in Sources */,
				0116D10A26790B8000D6EFFE /* MainDateRangeState.swift in Sources */,
				0116D11C2679156A00D6EFFE /* Holiday+UI.swift in Sources */,
				01C7082026764B820090542F /* Storyboards.swift in Sources */,
				0116D10526780D7000D6EFFE /* HolidaysAPIService.swift in Sources */,
				0114336526767F3000DE1697 /* ModelErrors.swift in Sources */,
				01C70854267656130090542F /* Assembly.swift in Sources */,
				0116D0A0267690E500D6EFFE /* HolidaysAPIServiceProtocol.swift in Sources */,
				0116D0D62677FDD800D6EFFE /* UIView+Extenstions.swift in Sources */,
				0114336D26767F8200DE1697 /* EntityMappers.swift in Sources */,
				017CC8062676768B00EB97D7 /* HolidaysResponseModel.swift in Sources */,
				0116D10F267910CB00D6EFFE /* Date+Formatter.swift in Sources */,
				01FFF1D826792453002EBEF9 /* ChangeDateWeakToNextUseCase.swift in Sources */,
				01B0456F26762C6700959FF0 /* LaunchVC.swift in Sources */,
				017012D426765DC000E2C5C4 /* MainStyler.swift in Sources */,
				01C7085D267657200090542F /* Styling.swift in Sources */,
				01B0456B26762C6700959FF0 /* AppDelegate.swift in Sources */,
				0116D1172679136800D6EFFE /* MainDateRangeState+UI.swift in Sources */,
				017013012676723200E2C5C4 /* HolidaysAPIServiceExample.swift in Sources */,
				017012F026766BAF00E2C5C4 /* FolkHolidayCell.swift in Sources */,
				0116D0FB26780B9800D6EFFE /* MainDateRangeStateService.swift in Sources */,
				0116D0E6267800B900D6EFFE /* BaseTableViewCell.swift in Sources */,
				01C7081E26764B820090542F /* Strings.swift in Sources */,
				01C7081F26764B820090542F /* Assets.swift in Sources */,
				017012DF26766B6D00E2C5C4 /* NoEventsCell.swift in Sources */,
				017012D926765DF500E2C5C4 /* MainCoordinator.swift in Sources */,
				017012E926766B8D00E2C5C4 /* PublicHoilidayCell.swift in Sources */,
				0116D0DE2677FDED00D6EFFE /* UITableViewCell+Dequeue.swift in Sources */,
				017012FC267671ED00E2C5C4 /* RequestListOfHolidaysUseCase.swift in Sources */,
				017012BF26765AB800E2C5C4 /* LaunchStyler.swift in Sources */,
				0114337B267688CA00DE1697 /* MainPresenter.swift in Sources */,
				01C7083F26764F3B0090542F /* BaseVC.swift in Sources */,
				01C70845267652D00090542F /* Coordinating.swift in Sources */,
				01FFF1D326792443002EBEF9 /* ChangeDateWeakToPrevUseCase.swift in Sources */,
				011433762676826900DE1697 /* Holiday.swift in Sources */,
				01C7084D267655B00090542F /* BaseNVC.swift in Sources */,
				01B0456D26762C6700959FF0 /* SceneDelegate.swift in Sources */,
				017012CA26765D1500E2C5C4 /* MainVC.swift in Sources */,
			);
			runOnlyForDeploymentPostprocessing = 0;
		};
		01B0457926762C6700959FF0 /* Sources */ = {
			isa = PBXSourcesBuildPhase;
			buildActionMask = 2147483647;
			files = (
				017CC80B267676CB00EB97D7 /* ServicesTests.swift in Sources */,
			);
			runOnlyForDeploymentPostprocessing = 0;
		};
		01B0458426762C6700959FF0 /* Sources */ = {
			isa = PBXSourcesBuildPhase;
			buildActionMask = 2147483647;
			files = (
				01B0458D26762C6700959FF0 /* TestntryUITests.swift in Sources */,
			);
			runOnlyForDeploymentPostprocessing = 0;
		};
/* End PBXSourcesBuildPhase section */

/* Begin PBXTargetDependency section */
		01B0457F26762C6700959FF0 /* PBXTargetDependency */ = {
			isa = PBXTargetDependency;
			target = 01B0456626762C6600959FF0 /* Testntry */;
			targetProxy = 01B0457E26762C6700959FF0 /* PBXContainerItemProxy */;
		};
		01B0458A26762C6700959FF0 /* PBXTargetDependency */ = {
			isa = PBXTargetDependency;
			target = 01B0456626762C6600959FF0 /* Testntry */;
			targetProxy = 01B0458926762C6700959FF0 /* PBXContainerItemProxy */;
		};
/* End PBXTargetDependency section */

/* Begin PBXVariantGroup section */
		01B0457026762C6700959FF0 /* LaunchIB.storyboard */ = {
			isa = PBXVariantGroup;
			children = (
				01B0457126762C6700959FF0 /* Base */,
			);
			name = LaunchIB.storyboard;
			sourceTree = "<group>";
		};
		01B0457526762C6700959FF0 /* LaunchScreen.storyboard */ = {
			isa = PBXVariantGroup;
			children = (
				01B0457626762C6700959FF0 /* Base */,
			);
			name = LaunchScreen.storyboard;
			sourceTree = "<group>";
		};
/* End PBXVariantGroup section */

/* Begin XCBuildConfiguration section */
		01B0458F26762C6700959FF0 /* Debug */ = {
			isa = XCBuildConfiguration;
			buildSettings = {
				ALWAYS_SEARCH_USER_PATHS = NO;
				CLANG_ANALYZER_NONNULL = YES;
				CLANG_ANALYZER_NUMBER_OBJECT_CONVERSION = YES_AGGRESSIVE;
				CLANG_CXX_LANGUAGE_STANDARD = "gnu++14";
				CLANG_CXX_LIBRARY = "libc++";
				CLANG_ENABLE_MODULES = YES;
				CLANG_ENABLE_OBJC_ARC = YES;
				CLANG_ENABLE_OBJC_WEAK = YES;
				CLANG_WARN_BLOCK_CAPTURE_AUTORELEASING = YES;
				CLANG_WARN_BOOL_CONVERSION = YES;
				CLANG_WARN_COMMA = YES;
				CLANG_WARN_CONSTANT_CONVERSION = YES;
				CLANG_WARN_DEPRECATED_OBJC_IMPLEMENTATIONS = YES;
				CLANG_WARN_DIRECT_OBJC_ISA_USAGE = YES_ERROR;
				CLANG_WARN_DOCUMENTATION_COMMENTS = YES;
				CLANG_WARN_EMPTY_BODY = YES;
				CLANG_WARN_ENUM_CONVERSION = YES;
				CLANG_WARN_INFINITE_RECURSION = YES;
				CLANG_WARN_INT_CONVERSION = YES;
				CLANG_WARN_NON_LITERAL_NULL_CONVERSION = YES;
				CLANG_WARN_OBJC_IMPLICIT_RETAIN_SELF = YES;
				CLANG_WARN_OBJC_LITERAL_CONVERSION = YES;
				CLANG_WARN_OBJC_ROOT_CLASS = YES_ERROR;
				CLANG_WARN_QUOTED_INCLUDE_IN_FRAMEWORK_HEADER = YES;
				CLANG_WARN_RANGE_LOOP_ANALYSIS = YES;
				CLANG_WARN_STRICT_PROTOTYPES = YES;
				CLANG_WARN_SUSPICIOUS_MOVE = YES;
				CLANG_WARN_UNGUARDED_AVAILABILITY = YES_AGGRESSIVE;
				CLANG_WARN_UNREACHABLE_CODE = YES;
				CLANG_WARN__DUPLICATE_METHOD_MATCH = YES;
				COPY_PHASE_STRIP = NO;
				DEBUG_INFORMATION_FORMAT = dwarf;
				ENABLE_STRICT_OBJC_MSGSEND = YES;
				ENABLE_TESTABILITY = YES;
				GCC_C_LANGUAGE_STANDARD = gnu11;
				GCC_DYNAMIC_NO_PIC = NO;
				GCC_NO_COMMON_BLOCKS = YES;
				GCC_OPTIMIZATION_LEVEL = 0;
				GCC_PREPROCESSOR_DEFINITIONS = (
					"DEBUG=1",
					"$(inherited)",
				);
				GCC_WARN_64_TO_32_BIT_CONVERSION = YES;
				GCC_WARN_ABOUT_RETURN_TYPE = YES_ERROR;
				GCC_WARN_UNDECLARED_SELECTOR = YES;
				GCC_WARN_UNINITIALIZED_AUTOS = YES_AGGRESSIVE;
				GCC_WARN_UNUSED_FUNCTION = YES;
				GCC_WARN_UNUSED_VARIABLE = YES;
				IPHONEOS_DEPLOYMENT_TARGET = 13.0;
				MTL_ENABLE_DEBUG_INFO = INCLUDE_SOURCE;
				MTL_FAST_MATH = YES;
				ONLY_ACTIVE_ARCH = YES;
				SDKROOT = iphoneos;
				SWIFT_ACTIVE_COMPILATION_CONDITIONS = DEBUG;
				SWIFT_OPTIMIZATION_LEVEL = "-Onone";
			};
			name = Debug;
		};
		01B0459026762C6700959FF0 /* Release */ = {
			isa = XCBuildConfiguration;
			buildSettings = {
				ALWAYS_SEARCH_USER_PATHS = NO;
				CLANG_ANALYZER_NONNULL = YES;
				CLANG_ANALYZER_NUMBER_OBJECT_CONVERSION = YES_AGGRESSIVE;
				CLANG_CXX_LANGUAGE_STANDARD = "gnu++14";
				CLANG_CXX_LIBRARY = "libc++";
				CLANG_ENABLE_MODULES = YES;
				CLANG_ENABLE_OBJC_ARC = YES;
				CLANG_ENABLE_OBJC_WEAK = YES;
				CLANG_WARN_BLOCK_CAPTURE_AUTORELEASING = YES;
				CLANG_WARN_BOOL_CONVERSION = YES;
				CLANG_WARN_COMMA = YES;
				CLANG_WARN_CONSTANT_CONVERSION = YES;
				CLANG_WARN_DEPRECATED_OBJC_IMPLEMENTATIONS = YES;
				CLANG_WARN_DIRECT_OBJC_ISA_USAGE = YES_ERROR;
				CLANG_WARN_DOCUMENTATION_COMMENTS = YES;
				CLANG_WARN_EMPTY_BODY = YES;
				CLANG_WARN_ENUM_CONVERSION = YES;
				CLANG_WARN_INFINITE_RECURSION = YES;
				CLANG_WARN_INT_CONVERSION = YES;
				CLANG_WARN_NON_LITERAL_NULL_CONVERSION = YES;
				CLANG_WARN_OBJC_IMPLICIT_RETAIN_SELF = YES;
				CLANG_WARN_OBJC_LITERAL_CONVERSION = YES;
				CLANG_WARN_OBJC_ROOT_CLASS = YES_ERROR;
				CLANG_WARN_QUOTED_INCLUDE_IN_FRAMEWORK_HEADER = YES;
				CLANG_WARN_RANGE_LOOP_ANALYSIS = YES;
				CLANG_WARN_STRICT_PROTOTYPES = YES;
				CLANG_WARN_SUSPICIOUS_MOVE = YES;
				CLANG_WARN_UNGUARDED_AVAILABILITY = YES_AGGRESSIVE;
				CLANG_WARN_UNREACHABLE_CODE = YES;
				CLANG_WARN__DUPLICATE_METHOD_MATCH = YES;
				COPY_PHASE_STRIP = NO;
				DEBUG_INFORMATION_FORMAT = "dwarf-with-dsym";
				ENABLE_NS_ASSERTIONS = NO;
				ENABLE_STRICT_OBJC_MSGSEND = YES;
				GCC_C_LANGUAGE_STANDARD = gnu11;
				GCC_NO_COMMON_BLOCKS = YES;
				GCC_WARN_64_TO_32_BIT_CONVERSION = YES;
				GCC_WARN_ABOUT_RETURN_TYPE = YES_ERROR;
				GCC_WARN_UNDECLARED_SELECTOR = YES;
				GCC_WARN_UNINITIALIZED_AUTOS = YES_AGGRESSIVE;
				GCC_WARN_UNUSED_FUNCTION = YES;
				GCC_WARN_UNUSED_VARIABLE = YES;
				IPHONEOS_DEPLOYMENT_TARGET = 13.0;
				MTL_ENABLE_DEBUG_INFO = NO;
				MTL_FAST_MATH = YES;
				SDKROOT = iphoneos;
				SWIFT_COMPILATION_MODE = wholemodule;
				SWIFT_OPTIMIZATION_LEVEL = "-O";
				VALIDATE_PRODUCT = YES;
			};
			name = Release;
		};
		01B0459226762C6700959FF0 /* Debug */ = {
			isa = XCBuildConfiguration;
			buildSettings = {
				ASSETCATALOG_COMPILER_APPICON_NAME = AppIcon;
				ASSETCATALOG_COMPILER_GLOBAL_ACCENT_COLOR_NAME = AccentColor;
				CODE_SIGN_STYLE = Automatic;
				INFOPLIST_FILE = Testntry/Configurations/Info.plist;
				LD_RUNPATH_SEARCH_PATHS = (
					"$(inherited)",
					"@executable_path/Frameworks",
				);
				MARKETING_VERSION = 0.9;
				PRODUCT_BUNDLE_IDENTIFIER = com.home.Testntry;
				PRODUCT_NAME = "$(TARGET_NAME)";
				SWIFT_VERSION = 5.0;
				TARGETED_DEVICE_FAMILY = 1;
			};
			name = Debug;
		};
		01B0459326762C6700959FF0 /* Release */ = {
			isa = XCBuildConfiguration;
			buildSettings = {
				ASSETCATALOG_COMPILER_APPICON_NAME = AppIcon;
				ASSETCATALOG_COMPILER_GLOBAL_ACCENT_COLOR_NAME = AccentColor;
				CODE_SIGN_STYLE = Automatic;
				INFOPLIST_FILE = Testntry/Configurations/Info.plist;
				LD_RUNPATH_SEARCH_PATHS = (
					"$(inherited)",
					"@executable_path/Frameworks",
				);
				MARKETING_VERSION = 0.9;
				PRODUCT_BUNDLE_IDENTIFIER = com.home.Testntry;
				PRODUCT_NAME = "$(TARGET_NAME)";
				SWIFT_VERSION = 5.0;
				TARGETED_DEVICE_FAMILY = 1;
			};
			name = Release;
		};
		01B0459526762C6700959FF0 /* Debug */ = {
			isa = XCBuildConfiguration;
			buildSettings = {
				ALWAYS_EMBED_SWIFT_STANDARD_LIBRARIES = YES;
				BUNDLE_LOADER = "$(TEST_HOST)";
				CODE_SIGN_STYLE = Automatic;
				INFOPLIST_FILE = TestntryTests/Info.plist;
				IPHONEOS_DEPLOYMENT_TARGET = 14.4;
				LD_RUNPATH_SEARCH_PATHS = (
					"$(inherited)",
					"@executable_path/Frameworks",
					"@loader_path/Frameworks",
				);
				PRODUCT_BUNDLE_IDENTIFIER = com.home.TestntryTests;
				PRODUCT_NAME = "$(TARGET_NAME)";
				SWIFT_VERSION = 5.0;
				TARGETED_DEVICE_FAMILY = "1,2";
				TEST_HOST = "$(BUILT_PRODUCTS_DIR)/Testntry.app/Testntry";
			};
			name = Debug;
		};
		01B0459626762C6700959FF0 /* Release */ = {
			isa = XCBuildConfiguration;
			buildSettings = {
				ALWAYS_EMBED_SWIFT_STANDARD_LIBRARIES = YES;
				BUNDLE_LOADER = "$(TEST_HOST)";
				CODE_SIGN_STYLE = Automatic;
				INFOPLIST_FILE = TestntryTests/Info.plist;
				IPHONEOS_DEPLOYMENT_TARGET = 14.4;
				LD_RUNPATH_SEARCH_PATHS = (
					"$(inherited)",
					"@executable_path/Frameworks",
					"@loader_path/Frameworks",
				);
				PRODUCT_BUNDLE_IDENTIFIER = com.home.TestntryTests;
				PRODUCT_NAME = "$(TARGET_NAME)";
				SWIFT_VERSION = 5.0;
				TARGETED_DEVICE_FAMILY = "1,2";
				TEST_HOST = "$(BUILT_PRODUCTS_DIR)/Testntry.app/Testntry";
			};
			name = Release;
		};
		01B0459826762C6700959FF0 /* Debug */ = {
			isa = XCBuildConfiguration;
			buildSettings = {
				ALWAYS_EMBED_SWIFT_STANDARD_LIBRARIES = YES;
				CODE_SIGN_STYLE = Automatic;
				INFOPLIST_FILE = TestntryUITests/Info.plist;
				LD_RUNPATH_SEARCH_PATHS = (
					"$(inherited)",
					"@executable_path/Frameworks",
					"@loader_path/Frameworks",
				);
				PRODUCT_BUNDLE_IDENTIFIER = com.home.TestntryUITests;
				PRODUCT_NAME = "$(TARGET_NAME)";
				SWIFT_VERSION = 5.0;
				TARGETED_DEVICE_FAMILY = "1,2";
				TEST_TARGET_NAME = Testntry;
			};
			name = Debug;
		};
		01B0459926762C6700959FF0 /* Release */ = {
			isa = XCBuildConfiguration;
			buildSettings = {
				ALWAYS_EMBED_SWIFT_STANDARD_LIBRARIES = YES;
				CODE_SIGN_STYLE = Automatic;
				INFOPLIST_FILE = TestntryUITests/Info.plist;
				LD_RUNPATH_SEARCH_PATHS = (
					"$(inherited)",
					"@executable_path/Frameworks",
					"@loader_path/Frameworks",
				);
				PRODUCT_BUNDLE_IDENTIFIER = com.home.TestntryUITests;
				PRODUCT_NAME = "$(TARGET_NAME)";
				SWIFT_VERSION = 5.0;
				TARGETED_DEVICE_FAMILY = "1,2";
				TEST_TARGET_NAME = Testntry;
			};
			name = Release;
		};
/* End XCBuildConfiguration section */

/* Begin XCConfigurationList section */
		01B0456226762C6600959FF0 /* Build configuration list for PBXProject "Testntry" */ = {
			isa = XCConfigurationList;
			buildConfigurations = (
				01B0458F26762C6700959FF0 /* Debug */,
				01B0459026762C6700959FF0 /* Release */,
			);
			defaultConfigurationIsVisible = 0;
			defaultConfigurationName = Release;
		};
		01B0459126762C6700959FF0 /* Build configuration list for PBXNativeTarget "Testntry" */ = {
			isa = XCConfigurationList;
			buildConfigurations = (
				01B0459226762C6700959FF0 /* Debug */,
				01B0459326762C6700959FF0 /* Release */,
			);
			defaultConfigurationIsVisible = 0;
			defaultConfigurationName = Release;
		};
		01B0459426762C6700959FF0 /* Build configuration list for PBXNativeTarget "TestntryTests" */ = {
			isa = XCConfigurationList;
			buildConfigurations = (
				01B0459526762C6700959FF0 /* Debug */,
				01B0459626762C6700959FF0 /* Release */,
			);
			defaultConfigurationIsVisible = 0;
			defaultConfigurationName = Release;
		};
		01B0459726762C6700959FF0 /* Build configuration list for PBXNativeTarget "TestntryUITests" */ = {
			isa = XCConfigurationList;
			buildConfigurations = (
				01B0459826762C6700959FF0 /* Debug */,
				01B0459926762C6700959FF0 /* Release */,
			);
			defaultConfigurationIsVisible = 0;
			defaultConfigurationName = Release;
		};
/* End XCConfigurationList section */
	};
	rootObject = 01B0455F26762C6600959FF0 /* Project object */;
}
